
Microsoft Visual Studio Solution File, Format Version 12.00
# Visual Studio 15
VisualStudioVersion = 15.0.28307.136
MinimumVisualStudioVersion = 10.0.40219.1
Project("{FAE04EC0-301F-11D3-BF4B-00C04F79EFBC}") = "StrategyDesignPatternExample", "StrategyDesignPatternExample\StrategyDesignPatternExample.csproj", "{17467A60-2926-4CC2-9E59-1B6151B82218}"
EndProject
Global
	GlobalSection(SolutionConfigurationPlatforms) = preSolution
		Debug|Any CPU = Debug|Any CPU
		Release|Any CPU = Release|Any CPU
	EndGlobalSection
	GlobalSection(ProjectConfigurationPlatforms) = postSolution
		{17467A60-2926-4CC2-9E59-1B6151B82218}.Debug|Any CPU.ActiveCfg = Debug|Any CPU
		{17467A60-2926-4CC2-9E59-1B6151B82218}.Debug|Any CPU.Build.0 = Debug|Any CPU
		{17467A60-2926-4CC2-9E59-1B6151B82218}.Release|Any CPU.ActiveCfg = Release|Any CPU
		{17467A60-2926-4CC2-9E59-1B6151B82218}.Release|Any CPU.Build.0 = Release|Any CPU
	EndGlobalSection
	GlobalSection(SolutionProperties) = preSolution
		HideSolutionNode = FALSE
	EndGlobalSection
	GlobalSection(ExtensibilityGlobals) = postSolution
		SolutionGuid = {F3DF3D2A-2A78-4E7F-910C-7D0032E7489A}
	EndGlobalSection
EndGlobal
