
Microsoft Visual Studio Solution File, Format Version 12.00
# Visual Studio 15
VisualStudioVersion = 15.0.28010.2019
MinimumVisualStudioVersion = 10.0.40219.1
Project("{FAE04EC0-301F-11D3-BF4B-00C04F79EFBC}") = "Val vs Ref Types", "Val vs Ref Types\Val vs Ref Types.csproj", "{37B01DCE-F7B8-4731-BC9E-D77727927FDD}"
EndProject
Global
	GlobalSection(SolutionConfigurationPlatforms) = preSolution
		Debug|Any CPU = Debug|Any CPU
		Release|Any CPU = Release|Any CPU
	EndGlobalSection
	GlobalSection(ProjectConfigurationPlatforms) = postSolution
		{37B01DCE-F7B8-4731-BC9E-D77727927FDD}.Debug|Any CPU.ActiveCfg = Debug|Any CPU
		{37B01DCE-F7B8-4731-BC9E-D77727927FDD}.Debug|Any CPU.Build.0 = Debug|Any CPU
		{37B01DCE-F7B8-4731-BC9E-D77727927FDD}.Release|Any CPU.ActiveCfg = Release|Any CPU
		{37B01DCE-F7B8-4731-BC9E-D77727927FDD}.Release|Any CPU.Build.0 = Release|Any CPU
	EndGlobalSection
	GlobalSection(SolutionProperties) = preSolution
		HideSolutionNode = FALSE
	EndGlobalSection
	GlobalSection(ExtensibilityGlobals) = postSolution
		SolutionGuid = {AE9E63D2-8826-44B2-B4F5-34CFC072940E}
	EndGlobalSection
EndGlobal
