
Microsoft Visual Studio Solution File, Format Version 12.00
# Visual Studio 15
VisualStudioVersion = 15.0.28307.168
MinimumVisualStudioVersion = 10.0.40219.1
Project("{FAE04EC0-301F-11D3-BF4B-00C04F79EFBC}") = "EmployeeManagement", "EmployeeManagement\EmployeeManagement.csproj", "{5A9CC223-CBFB-4B58-AF04-B764076BB49F}"
EndProject
Project("{FAE04EC0-301F-11D3-BF4B-00C04F79EFBC}") = "DataAccess", "DataAccess\DataAccess.csproj", "{3DA4FDB3-5120-4D62-8504-40F461D45746}"
EndProject
Global
	GlobalSection(SolutionConfigurationPlatforms) = preSolution
		Debug|Any CPU = Debug|Any CPU
		Release|Any CPU = Release|Any CPU
	EndGlobalSection
	GlobalSection(ProjectConfigurationPlatforms) = postSolution
		{5A9CC223-CBFB-4B58-AF04-B764076BB49F}.Debug|Any CPU.ActiveCfg = Debug|Any CPU
		{5A9CC223-CBFB-4B58-AF04-B764076BB49F}.Debug|Any CPU.Build.0 = Debug|Any CPU
		{5A9CC223-CBFB-4B58-AF04-B764076BB49F}.Release|Any CPU.ActiveCfg = Release|Any CPU
		{5A9CC223-CBFB-4B58-AF04-B764076BB49F}.Release|Any CPU.Build.0 = Release|Any CPU
		{3DA4FDB3-5120-4D62-8504-40F461D45746}.Debug|Any CPU.ActiveCfg = Debug|Any CPU
		{3DA4FDB3-5120-4D62-8504-40F461D45746}.Debug|Any CPU.Build.0 = Debug|Any CPU
		{3DA4FDB3-5120-4D62-8504-40F461D45746}.Release|Any CPU.ActiveCfg = Release|Any CPU
		{3DA4FDB3-5120-4D62-8504-40F461D45746}.Release|Any CPU.Build.0 = Release|Any CPU
	EndGlobalSection
	GlobalSection(SolutionProperties) = preSolution
		HideSolutionNode = FALSE
	EndGlobalSection
	GlobalSection(ExtensibilityGlobals) = postSolution
		SolutionGuid = {D4A1029F-71A3-43B2-9A23-AEAC08907ADA}
	EndGlobalSection
EndGlobal
