
Microsoft Visual Studio Solution File, Format Version 12.00
# Visual Studio 15
VisualStudioVersion = 15.0.28010.2041
MinimumVisualStudioVersion = 10.0.40219.1
Project("{FAE04EC0-301F-11D3-BF4B-00C04F79EFBC}") = "EmployeeManagerApplication", "EmployeeManagerApplication\EmployeeManagerApplication.csproj", "{CA5B7951-027A-456D-9665-85311709B959}"
EndProject
Project("{FAE04EC0-301F-11D3-BF4B-00C04F79EFBC}") = "DataAccess", "DataAccess\DataAccess.csproj", "{C19D5079-CA84-420E-BB88-34A57220085E}"
EndProject
Global
	GlobalSection(SolutionConfigurationPlatforms) = preSolution
		Debug|Any CPU = Debug|Any CPU
		Release|Any CPU = Release|Any CPU
	EndGlobalSection
	GlobalSection(ProjectConfigurationPlatforms) = postSolution
		{CA5B7951-027A-456D-9665-85311709B959}.Debug|Any CPU.ActiveCfg = Debug|Any CPU
		{CA5B7951-027A-456D-9665-85311709B959}.Debug|Any CPU.Build.0 = Debug|Any CPU
		{CA5B7951-027A-456D-9665-85311709B959}.Release|Any CPU.ActiveCfg = Release|Any CPU
		{CA5B7951-027A-456D-9665-85311709B959}.Release|Any CPU.Build.0 = Release|Any CPU
		{C19D5079-CA84-420E-BB88-34A57220085E}.Debug|Any CPU.ActiveCfg = Debug|Any CPU
		{C19D5079-CA84-420E-BB88-34A57220085E}.Debug|Any CPU.Build.0 = Debug|Any CPU
		{C19D5079-CA84-420E-BB88-34A57220085E}.Release|Any CPU.ActiveCfg = Release|Any CPU
		{C19D5079-CA84-420E-BB88-34A57220085E}.Release|Any CPU.Build.0 = Release|Any CPU
	EndGlobalSection
	GlobalSection(SolutionProperties) = preSolution
		HideSolutionNode = FALSE
	EndGlobalSection
	GlobalSection(ExtensibilityGlobals) = postSolution
		SolutionGuid = {DFF2615F-86DD-422C-9FD5-E457B75EE508}
	EndGlobalSection
EndGlobal
